# This file was autogenerated by Stack.
# You should not edit this file by hand.
# For more information, please see the documentation at:
#   https://docs.haskellstack.org/en/stable/lock_files

packages:
- completed:
    commit: 751e74a5c0049868da75f320c47a1ce435efc9d0
    git: https://github.com/lsrcz/grisette.git
    name: grisette
    pantry-tree:
      sha256: f6a26f7ad482f5d927d8f47c4df94d184cca7aef2eb6d1ce809a0d9aa6197e25
      size: 31455
    version: 0.11.0.0
  original:
    commit: 751e74a5c0049868da75f320c47a1ce435efc9d0
    git: https://github.com/lsrcz/grisette.git
snapshots:
- completed:
    sha256: 96d941a6c484efb750ceab66a2dd177caa580391a4e2e4afb14fc4e9f536846f
    size: 621372
    url: https://raw.githubusercontent.com/commercialhaskell/stackage-snapshots/master/nightly/2025/1/6.yaml
  original: nightly-2025-01-06
